
Microsoft Visual Studio Solution File, Format Version 12.00
# Visual Studio Version 16
VisualStudioVersion = 16.0.30320.27
MinimumVisualStudioVersion = 10.0.40219.1
Project("{FAE04EC0-301F-11D3-BF4B-00C04F79EFBC}") = "BeatSaber Playlist Master", "BeatSaber Playlist Master\BeatSaber Playlist Master.csproj", "{C4816FE7-2458-4C3A-B642-893A75DC366F}"
EndProject
Global
	GlobalSection(SolutionConfigurationPlatforms) = preSolution
		Debug|Any CPU = Debug|Any CPU
		Release|Any CPU = Release|Any CPU
	EndGlobalSection
	GlobalSection(ProjectConfigurationPlatforms) = postSolution
		{C4816FE7-2458-4C3A-B642-893A75DC366F}.Debug|Any CPU.ActiveCfg = Debug|Any CPU
		{C4816FE7-2458-4C3A-B642-893A75DC366F}.Debug|Any CPU.Build.0 = Debug|Any CPU
		{C4816FE7-2458-4C3A-B642-893A75DC366F}.Release|Any CPU.ActiveCfg = Release|Any CPU
		{C4816FE7-2458-4C3A-B642-893A75DC366F}.Release|Any CPU.Build.0 = Release|Any CPU
	EndGlobalSection
	GlobalSection(SolutionProperties) = preSolution
		HideSolutionNode = FALSE
	EndGlobalSection
	GlobalSection(ExtensibilityGlobals) = postSolution
		SolutionGuid = {8968BA79-C356-4C6A-A09A-95EAA6B2E414}
	EndGlobalSection
EndGlobal
